
Microsoft Visual Studio Solution File, Format Version 12.00
# Visual Studio Version 17
VisualStudioVersion = 17.11.35327.3
MinimumVisualStudioVersion = 10.0.40219.1
Project("{9A19103F-16F7-4668-BE54-9A1E7A4F7556}") = "HelloBlazorApp", "HelloBlazorApp.csproj", "{8F6BE9C9-E629-40F8-A4DD-E71C47BB5019}"
EndProject
Global
	GlobalSection(SolutionConfigurationPlatforms) = preSolution
		Debug|Any CPU = Debug|Any CPU
		Release|Any CPU = Release|Any CPU
	EndGlobalSection
	GlobalSection(ProjectConfigurationPlatforms) = postSolution
		{8F6BE9C9-E629-40F8-A4DD-E71C47BB5019}.Debug|Any CPU.ActiveCfg = Debug|Any CPU
		{8F6BE9C9-E629-40F8-A4DD-E71C47BB5019}.Debug|Any CPU.Build.0 = Debug|Any CPU
		{8F6BE9C9-E629-40F8-A4DD-E71C47BB5019}.Release|Any CPU.ActiveCfg = Release|Any CPU
		{8F6BE9C9-E629-40F8-A4DD-E71C47BB5019}.Release|Any CPU.Build.0 = Release|Any CPU
	EndGlobalSection
	GlobalSection(SolutionProperties) = preSolution
		HideSolutionNode = FALSE
	EndGlobalSection
	GlobalSection(ExtensibilityGlobals) = postSolution
		SolutionGuid = {569F10BD-4951-4C4F-9E68-7A65FA9A2FA3}
	EndGlobalSection
EndGlobal
